
Microsoft Visual Studio Solution File, Format Version 12.00
# Visual Studio Version 17
VisualStudioVersion = 17.4.33205.214
MinimumVisualStudioVersion = 10.0.40219.1
Project("{FAE04EC0-301F-11D3-BF4B-00C04F79EFBC}") = "DirectN", "DirectN\DirectN.csproj", "{576EF3E5-0414-4891-8DCE-F0B27074C069}"
EndProject
Project("{FAE04EC0-301F-11D3-BF4B-00C04F79EFBC}") = "DirectN.Temp", "DirectN.Temp\DirectN.Temp.csproj", "{C9D38331-AD3C-4DC4-AC68-9959FE786F56}"
EndProject
Project("{9A19103F-16F7-4668-BE54-9A1E7A4F7556}") = "DirectNCore", "DirectNCore\DirectNCore.csproj", "{76D8616B-028B-427B-B068-75B4B3FD57A8}"
EndProject
Project("{9A19103F-16F7-4668-BE54-9A1E7A4F7556}") = "DirectN.MinimalD3D11", "DirectN.MinimalD3D11\DirectN.MinimalD3D11.csproj", "{6B30B760-A163-43D5-AF80-1680CCC2580E}"
EndProject
Global
	GlobalSection(SolutionConfigurationPlatforms) = preSolution
		Debug|Any CPU = Debug|Any CPU
		Release|Any CPU = Release|Any CPU
	EndGlobalSection
	GlobalSection(ProjectConfigurationPlatforms) = postSolution
		{576EF3E5-0414-4891-8DCE-F0B27074C069}.Debug|Any CPU.ActiveCfg = Debug|Any CPU
		{576EF3E5-0414-4891-8DCE-F0B27074C069}.Debug|Any CPU.Build.0 = Debug|Any CPU
		{576EF3E5-0414-4891-8DCE-F0B27074C069}.Release|Any CPU.ActiveCfg = Release|Any CPU
		{576EF3E5-0414-4891-8DCE-F0B27074C069}.Release|Any CPU.Build.0 = Release|Any CPU
		{C9D38331-AD3C-4DC4-AC68-9959FE786F56}.Debug|Any CPU.ActiveCfg = Debug|Any CPU
		{C9D38331-AD3C-4DC4-AC68-9959FE786F56}.Debug|Any CPU.Build.0 = Debug|Any CPU
		{C9D38331-AD3C-4DC4-AC68-9959FE786F56}.Release|Any CPU.ActiveCfg = Release|Any CPU
		{C9D38331-AD3C-4DC4-AC68-9959FE786F56}.Release|Any CPU.Build.0 = Release|Any CPU
		{76D8616B-028B-427B-B068-75B4B3FD57A8}.Debug|Any CPU.ActiveCfg = Debug|Any CPU
		{76D8616B-028B-427B-B068-75B4B3FD57A8}.Debug|Any CPU.Build.0 = Debug|Any CPU
		{76D8616B-028B-427B-B068-75B4B3FD57A8}.Release|Any CPU.ActiveCfg = Release|Any CPU
		{76D8616B-028B-427B-B068-75B4B3FD57A8}.Release|Any CPU.Build.0 = Release|Any CPU
		{6B30B760-A163-43D5-AF80-1680CCC2580E}.Debug|Any CPU.ActiveCfg = Debug|Any CPU
		{6B30B760-A163-43D5-AF80-1680CCC2580E}.Debug|Any CPU.Build.0 = Debug|Any CPU
		{6B30B760-A163-43D5-AF80-1680CCC2580E}.Release|Any CPU.ActiveCfg = Release|Any CPU
		{6B30B760-A163-43D5-AF80-1680CCC2580E}.Release|Any CPU.Build.0 = Release|Any CPU
	EndGlobalSection
	GlobalSection(SolutionProperties) = preSolution
		HideSolutionNode = FALSE
	EndGlobalSection
	GlobalSection(ExtensibilityGlobals) = postSolution
		SolutionGuid = {85681BCD-9877-4D27-8805-7F0AB8F3DC93}
	EndGlobalSection
EndGlobal
